# This file is automatically @generated by Cargo.
# It is not intended for manual editing.
version = 3

[[package]]
name = "day_3"
version = "0.1.0"
dependencies = [
 "iter_tools",
]

[[package]]
name = "either"
version = "1.11.0"
source = "registry+https://github.com/rust-lang/crates.io-index"
checksum = "a47c1c47d2f5964e29c61246e81db715514cd532db6b5116a25ea3c03d6780a2"

[[package]]
name = "iter_tools"
version = "0.16.0"
source = "registry+https://github.com/rust-lang/crates.io-index"
checksum = "dda3e9ef0714a8ef9876e7ca830913ad3db4485fd60d5cfae4cc766a0636fca2"
dependencies = [
 "itertools",
]

[[package]]
name = "itertools"
version = "0.11.0"
source = "registry+https://github.com/rust-lang/crates.io-index"
checksum = "b1c173a5686ce8bfa551b3563d0c2170bf24ca44da99c7ca4bfdab5418c3fe57"
dependencies = [
 "either",
]
